
Microsoft Visual Studio Solution File, Format Version 12.00
# Visual Studio Version 17
VisualStudioVersion = 17.8.34525.116
MinimumVisualStudioVersion = 10.0.40219.1
Project("{FAE04EC0-301F-11D3-BF4B-00C04F79EFBC}") = "TrackerLimit", "TrackerLimit.csproj", "{5FA891F5-EF23-4E17-AB8C-B6C65EABB9C6}"
EndProject
Global
	GlobalSection(SolutionConfigurationPlatforms) = preSolution
		Debug|Any CPU = Debug|Any CPU
		Release|Any CPU = Release|Any CPU
	EndGlobalSection
	GlobalSection(ProjectConfigurationPlatforms) = postSolution
		{5FA891F5-EF23-4E17-AB8C-B6C65EABB9C6}.Debug|Any CPU.ActiveCfg = Debug|Any CPU
		{5FA891F5-EF23-4E17-AB8C-B6C65EABB9C6}.Debug|Any CPU.Build.0 = Debug|Any CPU
		{5FA891F5-EF23-4E17-AB8C-B6C65EABB9C6}.Release|Any CPU.ActiveCfg = Release|Any CPU
		{5FA891F5-EF23-4E17-AB8C-B6C65EABB9C6}.Release|Any CPU.Build.0 = Release|Any CPU
	EndGlobalSection
	GlobalSection(SolutionProperties) = preSolution
		HideSolutionNode = FALSE
	EndGlobalSection
	GlobalSection(ExtensibilityGlobals) = postSolution
		SolutionGuid = {CD09450E-C5EA-4242-B8A0-6862C20B4A6B}
	EndGlobalSection
EndGlobal
